
Microsoft Visual Studio Solution File, Format Version 12.00
# Visual Studio Version 17
VisualStudioVersion = 17.0.31903.59
MinimumVisualStudioVersion = 10.0.40219.1
Project("{9A19103F-16F7-4668-BE54-9A1E7A4F7556}") = "K_Bridge", "K_Bridge.csproj", "{39AA3CA3-3A0E-4E23-A255-F72AEF80823B}"
EndProject
Global
	GlobalSection(SolutionConfigurationPlatforms) = preSolution
		Debug|Any CPU = Debug|Any CPU
		Release|Any CPU = Release|Any CPU
	EndGlobalSection
	GlobalSection(ProjectConfigurationPlatforms) = postSolution
		{39AA3CA3-3A0E-4E23-A255-F72AEF80823B}.Debug|Any CPU.ActiveCfg = Debug|Any CPU
		{39AA3CA3-3A0E-4E23-A255-F72AEF80823B}.Debug|Any CPU.Build.0 = Debug|Any CPU
		{39AA3CA3-3A0E-4E23-A255-F72AEF80823B}.Release|Any CPU.ActiveCfg = Release|Any CPU
		{39AA3CA3-3A0E-4E23-A255-F72AEF80823B}.Release|Any CPU.Build.0 = Release|Any CPU
	EndGlobalSection
	GlobalSection(SolutionProperties) = preSolution
		HideSolutionNode = FALSE
	EndGlobalSection
	GlobalSection(ExtensibilityGlobals) = postSolution
		SolutionGuid = {2FCFC630-58E5-4831-8BC0-CBB0455D567C}
	EndGlobalSection
EndGlobal
